
Microsoft Visual Studio Solution File, Format Version 12.00
# Visual Studio Version 16
VisualStudioVersion = 16.0.29411.108
MinimumVisualStudioVersion = 10.0.40219.1
Project("{FAE04EC0-301F-11D3-BF4B-00C04F79EFBC}") = "intro1", "intro1\intro1.csproj", "{C25742B5-7727-41E0-8D49-9E9F03367B92}"
EndProject
Global
	GlobalSection(SolutionConfigurationPlatforms) = preSolution
		Debug|Any CPU = Debug|Any CPU
		Release|Any CPU = Release|Any CPU
	EndGlobalSection
	GlobalSection(ProjectConfigurationPlatforms) = postSolution
		{C25742B5-7727-41E0-8D49-9E9F03367B92}.Debug|Any CPU.ActiveCfg = Debug|Any CPU
		{C25742B5-7727-41E0-8D49-9E9F03367B92}.Debug|Any CPU.Build.0 = Debug|Any CPU
		{C25742B5-7727-41E0-8D49-9E9F03367B92}.Release|Any CPU.ActiveCfg = Release|Any CPU
		{C25742B5-7727-41E0-8D49-9E9F03367B92}.Release|Any CPU.Build.0 = Release|Any CPU
	EndGlobalSection
	GlobalSection(SolutionProperties) = preSolution
		HideSolutionNode = FALSE
	EndGlobalSection
	GlobalSection(ExtensibilityGlobals) = postSolution
		SolutionGuid = {D9575395-B0BE-454A-8FDB-3C83BB7403C4}
	EndGlobalSection
EndGlobal
